Microsoft Visual Studio Solution File, Format Version 12.00
# Visual Studio Version 17
VisualStudioVersion = 17.5.2.0
MinimumVisualStudioVersion = 10.0.40219.1
Project("{FAE04EC0-301F-11D3-BF4B-00C04F79EFBC}") = "FantasyRPG", "FantasyRPG\FantasyRPG.csproj", "{8F682510-262D-DC56-F547-23BF101F35CC}"
EndProject
Global
	GlobalSection(SolutionConfigurationPlatforms) = preSolution
		Debug|Any CPU = Debug|Any CPU
		Release|Any CPU = Release|Any CPU
	EndGlobalSection
	GlobalSection(ProjectConfigurationPlatforms) = postSolution
		{8F682510-262D-DC56-F547-23BF101F35CC}.Debug|Any CPU.ActiveCfg = Debug|Any CPU
		{8F682510-262D-DC56-F547-23BF101F35CC}.Debug|Any CPU.Build.0 = Debug|Any CPU
		{8F682510-262D-DC56-F547-23BF101F35CC}.Release|Any CPU.ActiveCfg = Release|Any CPU
		{8F682510-262D-DC56-F547-23BF101F35CC}.Release|Any CPU.Build.0 = Release|Any CPU
	EndGlobalSection
	GlobalSection(SolutionProperties) = preSolution
		HideSolutionNode = FALSE
	EndGlobalSection
	GlobalSection(ExtensibilityGlobals) = postSolution
		SolutionGuid = {CBCFBD6C-947E-48C7-B25A-FFF9CC279446}
	EndGlobalSection
EndGlobal
